
Microsoft Visual Studio Solution File, Format Version 12.00
# Visual Studio 15
VisualStudioVersion = 15.0.27703.2035
MinimumVisualStudioVersion = 10.0.40219.1
Project("{9A19103F-16F7-4668-BE54-9A1E7A4F7556}") = "Svel.Logs.Viewer.Model", "Svel.Logs.Viewer.Model\Svel.Logs.Viewer.Model.csproj", "{315FDDF0-ACF6-426A-8351-AC06C920D794}"
EndProject
Project("{9A19103F-16F7-4668-BE54-9A1E7A4F7556}") = "Svel.Logs.Viewer.Tests", "Svel.Logs.Viewer.Tests\Svel.Logs.Viewer.Tests.csproj", "{30FE2E51-B9DE-495D-BC53-E676AFC4FF27}"
EndProject
Project("{9A19103F-16F7-4668-BE54-9A1E7A4F7556}") = "Svel.Logs.Viewer.React", "Svel.Logs.Viewer.React\Svel.Logs.Viewer.React.csproj", "{EE359964-75F6-4376-9486-7E175630A11B}"
EndProject
Global
	GlobalSection(SolutionConfigurationPlatforms) = preSolution
		Debug|Any CPU = Debug|Any CPU
		Release|Any CPU = Release|Any CPU
	EndGlobalSection
	GlobalSection(ProjectConfigurationPlatforms) = postSolution
		{315FDDF0-ACF6-426A-8351-AC06C920D794}.Debug|Any CPU.ActiveCfg = Debug|Any CPU
		{315FDDF0-ACF6-426A-8351-AC06C920D794}.Debug|Any CPU.Build.0 = Debug|Any CPU
		{315FDDF0-ACF6-426A-8351-AC06C920D794}.Release|Any CPU.ActiveCfg = Release|Any CPU
		{315FDDF0-ACF6-426A-8351-AC06C920D794}.Release|Any CPU.Build.0 = Release|Any CPU
		{30FE2E51-B9DE-495D-BC53-E676AFC4FF27}.Debug|Any CPU.ActiveCfg = Debug|Any CPU
		{30FE2E51-B9DE-495D-BC53-E676AFC4FF27}.Debug|Any CPU.Build.0 = Debug|Any CPU
		{30FE2E51-B9DE-495D-BC53-E676AFC4FF27}.Release|Any CPU.ActiveCfg = Release|Any CPU
		{30FE2E51-B9DE-495D-BC53-E676AFC4FF27}.Release|Any CPU.Build.0 = Release|Any CPU
		{EE359964-75F6-4376-9486-7E175630A11B}.Debug|Any CPU.ActiveCfg = Debug|Any CPU
		{EE359964-75F6-4376-9486-7E175630A11B}.Debug|Any CPU.Build.0 = Debug|Any CPU
		{EE359964-75F6-4376-9486-7E175630A11B}.Release|Any CPU.ActiveCfg = Release|Any CPU
		{EE359964-75F6-4376-9486-7E175630A11B}.Release|Any CPU.Build.0 = Release|Any CPU
	EndGlobalSection
	GlobalSection(SolutionProperties) = preSolution
		HideSolutionNode = FALSE
	EndGlobalSection
	GlobalSection(ExtensibilityGlobals) = postSolution
		SolutionGuid = {E04E10A8-D115-4A83-9486-E14C543D3D0F}
	EndGlobalSection
EndGlobal
